// !$*UTF8*$!
{
	archiveVersion = 1;
	classes = {
	};
	objectVersion = 56;
	objects = {
/* Begin PBXBuildFile section */
		D1A1A371DC9C4BBD905518BC /* EggyCarApp.swift in Sources */ = {isa = PBXBuildFile; fileRef = EB36A9DCD9B5410A9B5D9464 /* EggyCarApp.swift */; };
		DC285583BD1647AC8B87CFD4 /* AppState.swift in Sources */ = {isa = PBXBuildFile; fileRef = A13F65CC328B4334B1B23CC2 /* AppState.swift */; };
		06FD5D5BAF6F4E8C8B9373B2 /* Models.swift in Sources */ = {isa = PBXBuildFile; fileRef = 54FD8641927143F2BD35924D /* Models.swift */; };
		CA9C3ED0AA7D41EAA33F3359 /* ROSBridgeProtocol.swift in Sources */ = {isa = PBXBuildFile; fileRef = 3FF2BE2D743C4C0B93655382 /* ROSBridgeProtocol.swift */; };
		8EA82DB693A24166B95B79B6 /* ROSBridgeClient.swift in Sources */ = {isa = PBXBuildFile; fileRef = A8E5DA72F7344F8C8851D86A /* ROSBridgeClient.swift */; };
		2605E74286C54F9BB27BFD5B /* TopicManager.swift in Sources */ = {isa = PBXBuildFile; fileRef = B40330ED59E641C980C81B4D /* TopicManager.swift */; };
		12EAAF92A52C4457B89FB806 /* MainTabView.swift in Sources */ = {isa = PBXBuildFile; fileRef = C828EB62765C4A14945A0469 /* MainTabView.swift */; };
		AEA5F50DF3C54E08873617D4 /* MapView.swift in Sources */ = {isa = PBXBuildFile; fileRef = D0368C5E3403407FB10D583B /* MapView.swift */; };
		73C1DCF3FD014BFBB148433C /* MapCanvasView.swift in Sources */ = {isa = PBXBuildFile; fileRef = BC7D61D1CA944E188555BDA7 /* MapCanvasView.swift */; };
		D645A343FEDB42BBB454B02A /* ControlView.swift in Sources */ = {isa = PBXBuildFile; fileRef = 147006FEC6F549F09BA96036 /* ControlView.swift */; };
		8A66DD9548DD47D39DEA4C0F /* JoystickView.swift in Sources */ = {isa = PBXBuildFile; fileRef = F83EA2E020F443D5B4FCCAA7 /* JoystickView.swift */; };
		DF55D1FF3F1C420BB291EF7C /* MonitorView.swift in Sources */ = {isa = PBXBuildFile; fileRef = 25645BDEF617477B8A8D0A8C /* MonitorView.swift */; };
		164BFD96C97F4C9D8C8088B9 /* StatusBarView.swift in Sources */ = {isa = PBXBuildFile; fileRef = DA0609E77BE749A3AF2E8795 /* StatusBarView.swift */; };
		34FAC7D3D5B54B9C947E8369 /* SettingsView.swift in Sources */ = {isa = PBXBuildFile; fileRef = F3478F3E1B5B4567BD723C42 /* SettingsView.swift */; };
		4F4E927FE16C46ED9C84872E /* ConnectionSheet.swift in Sources */ = {isa = PBXBuildFile; fileRef = 09205C7C8E3348F7B3A5869C /* ConnectionSheet.swift */; };
		0E3E7CC85797405E82FA66BD /* Assets.xcassets in Resources */ = {isa = PBXBuildFile; fileRef = C9CA0CE37DD748729DA48985 /* Assets.xcassets */; };
/* End PBXBuildFile section */
/* Begin PBXFileReference section */
		EB36A9DCD9B5410A9B5D9464 /* EggyCarApp.swift */ = {isa = PBXFileReference; lastKnownFileType = sourcecode.swift; path = "EggyCarApp.swift"; sourceTree = "<group>"; };
		A13F65CC328B4334B1B23CC2 /* AppState.swift */ = {isa = PBXFileReference; lastKnownFileType = sourcecode.swift; path = "AppState.swift"; sourceTree = "<group>"; };
		54FD8641927143F2BD35924D /* Models.swift */ = {isa = PBXFileReference; lastKnownFileType = sourcecode.swift; path = "Models.swift"; sourceTree = "<group>"; };
		3FF2BE2D743C4C0B93655382 /* ROSBridgeProtocol.swift */ = {isa = PBXFileReference; lastKnownFileType = sourcecode.swift; path = "ROSBridgeProtocol.swift"; sourceTree = "<group>"; };
		A8E5DA72F7344F8C8851D86A /* ROSBridgeClient.swift */ = {isa = PBXFileReference; lastKnownFileType = sourcecode.swift; path = "ROSBridgeClient.swift"; sourceTree = "<group>"; };
		B40330ED59E641C980C81B4D /* TopicManager.swift */ = {isa = PBXFileReference; lastKnownFileType = sourcecode.swift; path = "TopicManager.swift"; sourceTree = "<group>"; };
		C828EB62765C4A14945A0469 /* MainTabView.swift */ = {isa = PBXFileReference; lastKnownFileType = sourcecode.swift; path = "MainTabView.swift"; sourceTree = "<group>"; };
		D0368C5E3403407FB10D583B /* MapView.swift */ = {isa = PBXFileReference; lastKnownFileType = sourcecode.swift; path = "MapView.swift"; sourceTree = "<group>"; };
		BC7D61D1CA944E188555BDA7 /* MapCanvasView.swift */ = {isa = PBXFileReference; lastKnownFileType = sourcecode.swift; path = "MapCanvasView.swift"; sourceTree = "<group>"; };
		147006FEC6F549F09BA96036 /* ControlView.swift */ = {isa = PBXFileReference; lastKnownFileType = sourcecode.swift; path = "ControlView.swift"; sourceTree = "<group>"; };
		F83EA2E020F443D5B4FCCAA7 /* JoystickView.swift */ = {isa = PBXFileReference; lastKnownFileType = sourcecode.swift; path = "JoystickView.swift"; sourceTree = "<group>"; };
		25645BDEF617477B8A8D0A8C /* MonitorView.swift */ = {isa = PBXFileReference; lastKnownFileType = sourcecode.swift; path = "MonitorView.swift"; sourceTree = "<group>"; };
		DA0609E77BE749A3AF2E8795 /* StatusBarView.swift */ = {isa = PBXFileReference; lastKnownFileType = sourcecode.swift; path = "StatusBarView.swift"; sourceTree = "<group>"; };
		F3478F3E1B5B4567BD723C42 /* SettingsView.swift */ = {isa = PBXFileReference; lastKnownFileType = sourcecode.swift; path = "SettingsView.swift"; sourceTree = "<group>"; };
		09205C7C8E3348F7B3A5869C /* ConnectionSheet.swift */ = {isa = PBXFileReference; lastKnownFileType = sourcecode.swift; path = "ConnectionSheet.swift"; sourceTree = "<group>"; };
		C9CA0CE37DD748729DA48985 /* Assets.xcassets */ = {isa = PBXFileReference; lastKnownFileType = folder.assetcatalog; path = Assets.xcassets; sourceTree = "<group>"; };
		69BD58FB66E44D0AAC0A1CA3 /* Info.plist */ = {isa = PBXFileReference; lastKnownFileType = text.plist.xml; path = Info.plist; sourceTree = "<group>"; };
		7C22C37EC59E495FB3E3EA5F /* EggyCar.app */ = {isa = PBXFileReference; explicitFileType = wrapper.application; includeInIndex = 0; path = EggyCar.app; sourceTree = BUILT_PRODUCTS_DIR; };
/* End PBXFileReference section */
/* Begin PBXGroup section */
		9D58FFB9FE03464D9A64F57A = {
			isa = PBXGroup;
			children = (
				84099E5D514E44898D44E07D /* EggyCar */,
				7C22C37EC59E495FB3E3EA5F /* EggyCar.app */,
			);
			sourceTree = "<group>";
		};
		84099E5D514E44898D44E07D /* EggyCar */ = {
			isa = PBXGroup;
			children = (
				EB36A9DCD9B5410A9B5D9464 /* EggyCarApp.swift */,
				A13F65CC328B4334B1B23CC2 /* AppState.swift */,
				54FD8641927143F2BD35924D /* Models.swift */,
				3FF2BE2D743C4C0B93655382 /* ROSBridgeProtocol.swift */,
				A8E5DA72F7344F8C8851D86A /* ROSBridgeClient.swift */,
				B40330ED59E641C980C81B4D /* TopicManager.swift */,
				C828EB62765C4A14945A0469 /* MainTabView.swift */,
				D0368C5E3403407FB10D583B /* MapView.swift */,
				BC7D61D1CA944E188555BDA7 /* MapCanvasView.swift */,
				147006FEC6F549F09BA96036 /* ControlView.swift */,
				F83EA2E020F443D5B4FCCAA7 /* JoystickView.swift */,
				25645BDEF617477B8A8D0A8C /* MonitorView.swift */,
				DA0609E77BE749A3AF2E8795 /* StatusBarView.swift */,
				F3478F3E1B5B4567BD723C42 /* SettingsView.swift */,
				09205C7C8E3348F7B3A5869C /* ConnectionSheet.swift */,
				C9CA0CE37DD748729DA48985 /* Assets.xcassets */,
				69BD58FB66E44D0AAC0A1CA3 /* Info.plist */,
			);
			path = EggyCar;
			sourceTree = "<group>";
		};
/* End PBXGroup section */
/* Begin PBXNativeTarget section */
		18825071E4484523B2BF17BE /* EggyCar */ = {
			isa = PBXNativeTarget;
			buildConfigurationList = CE7386300DAF4AA9A2BF96C5;
			buildPhases = (
				39C8F08B3F1943D380F65EAD /* Sources */,
				92C331DACAD743D0811C8D60 /* Frameworks */,
				A10A08F400414594AB1D6072 /* Resources */,
			);
			buildRules = (
			);
			dependencies = (
			);
			name = EggyCar;
			productName = EggyCar;
			productReference = 7C22C37EC59E495FB3E3EA5F;
			productType = "com.apple.product-type.application";
		};
/* End PBXNativeTarget section */
/* Begin PBXProject section */
		E8AF6D6B1BC04B95BDEFD2F0 /* Project object */ = {
			isa = PBXProject;
			attributes = {
				BuildIndependentTargetsInParallel = 1;
			};
			buildConfigurationList = 5E2C4A45D0E4466598C175DC;
			compatibilityVersion = "Xcode 14.0";
			developmentRegion = en;
			hasScannedForEncodings = 0;
			knownRegions = (en, Base);
			mainGroup = 9D58FFB9FE03464D9A64F57A;
			productRefGroup = 84099E5D514E44898D44E07D;
			projectDirPath = "";
			projectRoot = "";
			targets = (
				18825071E4484523B2BF17BE,
			);
		};
/* End PBXProject section */
/* Begin PBXSourcesBuildPhase section */
		39C8F08B3F1943D380F65EAD /* Sources */ = {
			isa = PBXSourcesBuildPhase;
			buildActionMask = 2147483647;
			files = (
				D1A1A371DC9C4BBD905518BC /* EggyCarApp.swift in Sources */,
				DC285583BD1647AC8B87CFD4 /* AppState.swift in Sources */,
				06FD5D5BAF6F4E8C8B9373B2 /* Models.swift in Sources */,
				CA9C3ED0AA7D41EAA33F3359 /* ROSBridgeProtocol.swift in Sources */,
				8EA82DB693A24166B95B79B6 /* ROSBridgeClient.swift in Sources */,
				2605E74286C54F9BB27BFD5B /* TopicManager.swift in Sources */,
				12EAAF92A52C4457B89FB806 /* MainTabView.swift in Sources */,
				AEA5F50DF3C54E08873617D4 /* MapView.swift in Sources */,
				73C1DCF3FD014BFBB148433C /* MapCanvasView.swift in Sources */,
				D645A343FEDB42BBB454B02A /* ControlView.swift in Sources */,
				8A66DD9548DD47D39DEA4C0F /* JoystickView.swift in Sources */,
				DF55D1FF3F1C420BB291EF7C /* MonitorView.swift in Sources */,
				164BFD96C97F4C9D8C8088B9 /* StatusBarView.swift in Sources */,
				34FAC7D3D5B54B9C947E8369 /* SettingsView.swift in Sources */,
				4F4E927FE16C46ED9C84872E /* ConnectionSheet.swift in Sources */,
			);
			runOnlyForDeploymentPostprocessing = 0;
		};
/* End PBXSourcesBuildPhase section */
/* Begin PBXFrameworksBuildPhase section */
		92C331DACAD743D0811C8D60 /* Frameworks */ = {
			isa = PBXFrameworksBuildPhase;
			buildActionMask = 2147483647;
			files = (
			);
			runOnlyForDeploymentPostprocessing = 0;
		};
/* End PBXFrameworksBuildPhase section */
/* Begin PBXResourcesBuildPhase section */
		A10A08F400414594AB1D6072 /* Resources */ = {
			isa = PBXResourcesBuildPhase;
			buildActionMask = 2147483647;
			files = (
				0E3E7CC85797405E82FA66BD /* Assets.xcassets in Resources */,
			);
			runOnlyForDeploymentPostprocessing = 0;
		};
/* End PBXResourcesBuildPhase section */
/* Begin XCBuildConfiguration section */
		33719EC8FF4A439DAE80E5AB /* Debug */ = {
			isa = XCBuildConfiguration;
			buildSettings = {
				ASSETCATALOG_COMPILER_APPICON_NAME = AppIcon;
				CODE_SIGN_STYLE = Automatic;
				CURRENT_PROJECT_VERSION = 1;
				GENERATE_INFOPLIST_FILE = NO;
				INFOPLIST_FILE = EggyCar/Info.plist;
				IPHONEOS_DEPLOYMENT_TARGET = 16.0;
				LD_RUNPATH_SEARCH_PATHS = "$(inherited) @executable_path/Frameworks";
				MARKETING_VERSION = 1.0.0;
				PRODUCT_BUNDLE_IDENTIFIER = com.eggy.EggyCar;
				PRODUCT_NAME = "$(TARGET_NAME)";
				SDKROOT = iphoneos;
				SWIFT_EMIT_LOC_STRINGS = YES;
				SWIFT_VERSION = 5.0;
				TARGETED_DEVICE_FAMILY = "1,2";
			};
			name = Debug;
		};
		F4E54E6AC83948F79D7422EE /* Release */ = {
			isa = XCBuildConfiguration;
			buildSettings = {
				ASSETCATALOG_COMPILER_APPICON_NAME = AppIcon;
				CODE_SIGN_STYLE = Automatic;
				CURRENT_PROJECT_VERSION = 1;
				GENERATE_INFOPLIST_FILE = NO;
				INFOPLIST_FILE = EggyCar/Info.plist;
				IPHONEOS_DEPLOYMENT_TARGET = 16.0;
				LD_RUNPATH_SEARCH_PATHS = "$(inherited) @executable_path/Frameworks";
				MARKETING_VERSION = 1.0.0;
				PRODUCT_BUNDLE_IDENTIFIER = com.eggy.EggyCar;
				PRODUCT_NAME = "$(TARGET_NAME)";
				SDKROOT = iphoneos;
				SWIFT_EMIT_LOC_STRINGS = YES;
				SWIFT_VERSION = 5.0;
				TARGETED_DEVICE_FAMILY = "1,2";
			};
			name = Release;
		};
		97A142C596154D7BAFC282D5 /* Debug */ = {
			isa = XCBuildConfiguration;
			buildSettings = {
				ALWAYS_SEARCH_USER_PATHS = NO;
				CLANG_ENABLE_MODULES = YES;
				CLANG_ENABLE_OBJC_ARC = YES;
				COPY_PHASE_STRIP = NO;
				DEBUG_INFORMATION_FORMAT = dwarf;
				ENABLE_STRICT_OBJC_MSGSEND = YES;
				ENABLE_TESTABILITY = YES;
				GCC_DYNAMIC_NO_PIC = NO;
				GCC_NO_COMMON_BLOCKS = YES;
				GCC_OPTIMIZATION_LEVEL = 0;
				GCC_PREPROCESSOR_DEFINITIONS = "DEBUG=1" "$(inherited)";
				GCC_WARN_ABOUT_RETURN_TYPE = YES_ERROR;
				GCC_WARN_UNINITIALIZED_AUTOS = YES_AGGRESSIVE;
				MTL_ENABLE_DEBUG_INFO = INCLUDE_SOURCE;
				ONLY_ACTIVE_ARCH = YES;
				SWIFT_ACTIVE_COMPILATION_CONDITIONS = "DEBUG";
				SWIFT_OPTIMIZATION_LEVEL = "-Onone";
			};
			name = Debug;
		};
		08ABDF592101486480C0F249 /* Release */ = {
			isa = XCBuildConfiguration;
			buildSettings = {
				ALWAYS_SEARCH_USER_PATHS = NO;
				CLANG_ENABLE_MODULES = YES;
				CLANG_ENABLE_OBJC_ARC = YES;
				COPY_PHASE_STRIP = NO;
				DEBUG_INFORMATION_FORMAT = "dwarf-with-dsym";
				ENABLE_NS_ASSERTIONS = NO;
				ENABLE_STRICT_OBJC_MSGSEND = YES;
				GCC_NO_COMMON_BLOCKS = YES;
				GCC_WARN_ABOUT_RETURN_TYPE = YES_ERROR;
				GCC_WARN_UNINITIALIZED_AUTOS = YES_AGGRESSIVE;
				MTL_ENABLE_DEBUG_INFO = NO;
				SWIFT_COMPILATION_MODE = wholemodule;
				SWIFT_OPTIMIZATION_LEVEL = "-O";
			};
			name = Release;
		};
/* End XCBuildConfiguration section */
/* Begin XCConfigurationList section */
		CE7386300DAF4AA9A2BF96C5 /* Build configuration list for PBXNativeTarget "EggyCar" */ = {
			isa = XCConfigurationList;
			buildConfigurations = (
				33719EC8FF4A439DAE80E5AB /* Debug */,
				F4E54E6AC83948F79D7422EE /* Release */,
			);
			defaultConfigurationIsVisible = 0;
			defaultConfigurationName = Release;
		};
		5E2C4A45D0E4466598C175DC /* Build configuration list for PBXProject "EggyCar" */ = {
			isa = XCConfigurationList;
			buildConfigurations = (
				97A142C596154D7BAFC282D5 /* Debug */,
				08ABDF592101486480C0F249 /* Release */,
			);
			defaultConfigurationIsVisible = 0;
			defaultConfigurationName = Release;
		};
/* End XCConfigurationList section */
	};
	rootObject = E8AF6D6B1BC04B95BDEFD2F0;
}
