// !$*UTF8*$!
{
	archiveVersion = 1;
	classes = {
	};
	objectVersion = 56;
	objects = {

/* Begin PBXBuildFile section */
		99D8B3EDBC174FD3967F7D2B /* EggyCarApp.swift in Sources */ = {isa = PBXBuildFile; fileRef = 05F7620928DD422586BC19C1 /* EggyCarApp.swift */; };
		A0887E48BF6F48E082592733 /* AppState.swift in Sources */ = {isa = PBXBuildFile; fileRef = 4766C0064A344367A3AC388C /* AppState.swift */; };
		13F3D4CACA7146FBABF78FA1 /* Models.swift in Sources */ = {isa = PBXBuildFile; fileRef = 1224CFAF2C6141D8B252A59F /* Models.swift */; };
		5C729F1F1CA243B397FD0E88 /* ROSBridgeProtocol.swift in Sources */ = {isa = PBXBuildFile; fileRef = 74C6803AD65D40BB89D97EB1 /* ROSBridgeProtocol.swift */; };
		30BEB56FC4DD4B32A8AED563 /* ROSBridgeClient.swift in Sources */ = {isa = PBXBuildFile; fileRef = 66E9F8E0227F4BBFAC731B87 /* ROSBridgeClient.swift */; };
		28143026289747C09626AB1D /* TopicManager.swift in Sources */ = {isa = PBXBuildFile; fileRef = 6727E652EA324D378CE0221B /* TopicManager.swift */; };
		8FCC218C81054C4CA5061F70 /* MainTabView.swift in Sources */ = {isa = PBXBuildFile; fileRef = C86E9E900B07450AA5EF3FB2 /* MainTabView.swift */; };
		0A3AC6DFC0AA487FBCD83C0F /* MapView.swift in Sources */ = {isa = PBXBuildFile; fileRef = 426BAC364E334C568C26496C /* MapView.swift */; };
		88A3CCB47F684466A82A92BC /* MapCanvasView.swift in Sources */ = {isa = PBXBuildFile; fileRef = ACF81EAC367D472283531D9A /* MapCanvasView.swift */; };
		761BD3D80B574CB19A31B819 /* ControlView.swift in Sources */ = {isa = PBXBuildFile; fileRef = EDFBB8D6BF9C4DC68CD1252C /* ControlView.swift */; };
		D14EA7B7B671496890CB13FD /* JoystickView.swift in Sources */ = {isa = PBXBuildFile; fileRef = FD9FB36A5E014875AD31536D /* JoystickView.swift */; };
		FEA7B3A1EEE64A558D1F172D /* MonitorView.swift in Sources */ = {isa = PBXBuildFile; fileRef = 28C91EAC564C4800BB833B60 /* MonitorView.swift */; };
		0F7BB88040E84C71BD6F3AD7 /* StatusBarView.swift in Sources */ = {isa = PBXBuildFile; fileRef = 8414E00F9ACF4346BE6ACDDD /* StatusBarView.swift */; };
		CD0EBA1B7DDC4C3C92F05CC8 /* SettingsView.swift in Sources */ = {isa = PBXBuildFile; fileRef = A1BE4B0AF15E4246A9E4F5AC /* SettingsView.swift */; };
		30DF9267CC74468C954FEDF0 /* ConnectionSheet.swift in Sources */ = {isa = PBXBuildFile; fileRef = DD2B367390D5495B8320CD9D /* ConnectionSheet.swift */; };
		CDB53DC162794A788FDB04D3 /* Assets.xcassets in Resources */ = {isa = PBXBuildFile; fileRef = 0F93D44E6B5340619737BA1F /* Assets.xcassets */; };
/* End PBXBuildFile section */

/* Begin PBXFileReference section */
		05F7620928DD422586BC19C1 /* EggyCarApp.swift */ = {isa = PBXFileReference; lastKnownFileType = sourcecode.swift; path = "EggyCarApp.swift"; sourceTree = "<group>"; };
		4766C0064A344367A3AC388C /* AppState.swift */ = {isa = PBXFileReference; lastKnownFileType = sourcecode.swift; path = "AppState.swift"; sourceTree = "<group>"; };
		1224CFAF2C6141D8B252A59F /* Models.swift */ = {isa = PBXFileReference; lastKnownFileType = sourcecode.swift; path = "Models.swift"; sourceTree = "<group>"; };
		74C6803AD65D40BB89D97EB1 /* ROSBridgeProtocol.swift */ = {isa = PBXFileReference; lastKnownFileType = sourcecode.swift; path = "ROSBridgeProtocol.swift"; sourceTree = "<group>"; };
		66E9F8E0227F4BBFAC731B87 /* ROSBridgeClient.swift */ = {isa = PBXFileReference; lastKnownFileType = sourcecode.swift; path = "ROSBridgeClient.swift"; sourceTree = "<group>"; };
		6727E652EA324D378CE0221B /* TopicManager.swift */ = {isa = PBXFileReference; lastKnownFileType = sourcecode.swift; path = "TopicManager.swift"; sourceTree = "<group>"; };
		C86E9E900B07450AA5EF3FB2 /* MainTabView.swift */ = {isa = PBXFileReference; lastKnownFileType = sourcecode.swift; path = "MainTabView.swift"; sourceTree = "<group>"; };
		426BAC364E334C568C26496C /* MapView.swift */ = {isa = PBXFileReference; lastKnownFileType = sourcecode.swift; path = "MapView.swift"; sourceTree = "<group>"; };
		ACF81EAC367D472283531D9A /* MapCanvasView.swift */ = {isa = PBXFileReference; lastKnownFileType = sourcecode.swift; path = "MapCanvasView.swift"; sourceTree = "<group>"; };
		EDFBB8D6BF9C4DC68CD1252C /* ControlView.swift */ = {isa = PBXFileReference; lastKnownFileType = sourcecode.swift; path = "ControlView.swift"; sourceTree = "<group>"; };
		FD9FB36A5E014875AD31536D /* JoystickView.swift */ = {isa = PBXFileReference; lastKnownFileType = sourcecode.swift; path = "JoystickView.swift"; sourceTree = "<group>"; };
		28C91EAC564C4800BB833B60 /* MonitorView.swift */ = {isa = PBXFileReference; lastKnownFileType = sourcecode.swift; path = "MonitorView.swift"; sourceTree = "<group>"; };
		8414E00F9ACF4346BE6ACDDD /* StatusBarView.swift */ = {isa = PBXFileReference; lastKnownFileType = sourcecode.swift; path = "StatusBarView.swift"; sourceTree = "<group>"; };
		A1BE4B0AF15E4246A9E4F5AC /* SettingsView.swift */ = {isa = PBXFileReference; lastKnownFileType = sourcecode.swift; path = "SettingsView.swift"; sourceTree = "<group>"; };
		DD2B367390D5495B8320CD9D /* ConnectionSheet.swift */ = {isa = PBXFileReference; lastKnownFileType = sourcecode.swift; path = "ConnectionSheet.swift"; sourceTree = "<group>"; };
		0F93D44E6B5340619737BA1F /* Assets.xcassets */ = {isa = PBXFileReference; lastKnownFileType = folder.assetcatalog; path = Assets.xcassets; sourceTree = "<group>"; };
		DE5F1D44750049BB81BBDEC1 /* Info.plist */ = {isa = PBXFileReference; lastKnownFileType = text.plist.xml; path = Info.plist; sourceTree = "<group>"; };
		D8F43C4F8BE645D8ABE60FED /* EggyCar.app */ = {isa = PBXFileReference; explicitFileType = wrapper.application; includeInIndex = 0; path = EggyCar.app; sourceTree = BUILT_PRODUCTS_DIR; };
/* End PBXFileReference section */

/* Begin PBXGroup section */
		DE19476B53B24702B53099E4 /* EggyCar */ = {
			isa = PBXGroup;
			children = (
				FA830682290C4F1FBF0A431D /* EggyCar */,
				{ref = D8F43C4F8BE645D8ABE60FED /* EggyCar.app */; },
			);
			sourceTree = "<group>";
		};
		FA830682290C4F1FBF0A431D /* EggyCar */ = {
			isa = PBXGroup;
			children = (
				05F7620928DD422586BC19C1 /* EggyCarApp.swift */,
				4766C0064A344367A3AC388C /* AppState.swift */,
				1224CFAF2C6141D8B252A59F /* Models.swift */,
				74C6803AD65D40BB89D97EB1 /* ROSBridgeProtocol.swift */,
				66E9F8E0227F4BBFAC731B87 /* ROSBridgeClient.swift */,
				6727E652EA324D378CE0221B /* TopicManager.swift */,
				C86E9E900B07450AA5EF3FB2 /* MainTabView.swift */,
				426BAC364E334C568C26496C /* MapView.swift */,
				ACF81EAC367D472283531D9A /* MapCanvasView.swift */,
				EDFBB8D6BF9C4DC68CD1252C /* ControlView.swift */,
				FD9FB36A5E014875AD31536D /* JoystickView.swift */,
				28C91EAC564C4800BB833B60 /* MonitorView.swift */,
				8414E00F9ACF4346BE6ACDDD /* StatusBarView.swift */,
				A1BE4B0AF15E4246A9E4F5AC /* SettingsView.swift */,
				DD2B367390D5495B8320CD9D /* ConnectionSheet.swift */,
				0F93D44E6B5340619737BA1F /* Assets.xcassets */,
				DE5F1D44750049BB81BBDEC1 /* Info.plist */,
			);
			path = EggyCar;
			sourceTree = "<group>";
		};
/* End PBXGroup section */

/* Begin PBXNativeTarget section */
		413C10D76F944D8794F47598 /* EggyCar */ = {
			isa = PBXNativeTarget;
			buildConfigurationList = 131A59B1594A46E681DDE69E;
			buildPhases = (
				08A7872EC482432EBEEF9D0B,
				3C7EB7103AFE4B8B8E64AF93,
				64A5989EE34F4257B965F517,
			);
			buildRules = (
			);
			dependencies = (
			);
			name = EggyCar;
			productName = EggyCar;
			productReference = D8F43C4F8BE645D8ABE60FED;
			productType = "com.apple.product-type.application";
		};
/* End PBXNativeTarget section */

/* Begin PBXProject section */
		7FBB03E205DA456181D1F58C /* Project object */ = {
			isa = PBXProject;
			attributes = {
				BuildIndependentTargetsInParallel = 1;
				LastSwiftUpdateCheck = 1540;
				LastUpgradeCheck = 1540;
			};
			buildConfigurationList = 246123392AF642E9A0F69421;
			compatibilityVersion = "Xcode 14.0";
			developmentRegion = en;
			hasScannedForEncodings = 0;
			knownRegions = (en, Base);
			mainGroup = DE19476B53B24702B53099E4;
			productRefGroup = DE19476B53B24702B53099E4;
			projectDirPath = "";
			projectRoot = "";
			targets = (413C10D76F944D8794F47598);
		};
/* End PBXProject section */

/* Begin PBXSourcesBuildPhase section */
		08A7872EC482432EBEEF9D0B /* Sources */ = {
			isa = PBXSourcesBuildPhase;
			buildActionMask = 2147483647;
			files = (
				99D8B3EDBC174FD3967F7D2B /* EggyCarApp.swift in Sources */,
				A0887E48BF6F48E082592733 /* AppState.swift in Sources */,
				13F3D4CACA7146FBABF78FA1 /* Models.swift in Sources */,
				5C729F1F1CA243B397FD0E88 /* ROSBridgeProtocol.swift in Sources */,
				30BEB56FC4DD4B32A8AED563 /* ROSBridgeClient.swift in Sources */,
				28143026289747C09626AB1D /* TopicManager.swift in Sources */,
				8FCC218C81054C4CA5061F70 /* MainTabView.swift in Sources */,
				0A3AC6DFC0AA487FBCD83C0F /* MapView.swift in Sources */,
				88A3CCB47F684466A82A92BC /* MapCanvasView.swift in Sources */,
				761BD3D80B574CB19A31B819 /* ControlView.swift in Sources */,
				D14EA7B7B671496890CB13FD /* JoystickView.swift in Sources */,
				FEA7B3A1EEE64A558D1F172D /* MonitorView.swift in Sources */,
				0F7BB88040E84C71BD6F3AD7 /* StatusBarView.swift in Sources */,
				CD0EBA1B7DDC4C3C92F05CC8 /* SettingsView.swift in Sources */,
				30DF9267CC74468C954FEDF0 /* ConnectionSheet.swift in Sources */,
			);
			runOnlyForDeploymentPostprocessing = 0;
		};
/* End PBXSourcesBuildPhase section */

/* Begin PBXResourcesBuildPhase section */
		64A5989EE34F4257B965F517 /* Resources */ = {
			isa = PBXResourcesBuildPhase;
			buildActionMask = 2147483647;
			files = (
				CDB53DC162794A788FDB04D3 /* Assets.xcassets in Resources */,
			);
			runOnlyForDeploymentPostprocessing = 0;
		};
/* End PBXResourcesBuildPhase section */

/* Begin PBXFrameworksBuildPhase section */
		3C7EB7103AFE4B8B8E64AF93 /* Frameworks */ = {
			isa = PBXFrameworksBuildPhase;
			buildActionMask = 2147483647;
			files = (
			);
			runOnlyForDeploymentPostprocessing = 0;
		};
/* End PBXFrameworksBuildPhase section */

/* Begin XCBuildConfiguration section */
		3E25B106D822488FBA115C2A /* Debug */ = {
			isa = XCBuildConfiguration;
			buildSettings = {
				ASSETCATALOG_COMPILER_APPICON_NAME = AppIcon;
				CODE_SIGN_STYLE = Automatic;
				CURRENT_PROJECT_VERSION = 1;
				GENERATE_INFOPLIST_FILE = NO;
				INFOPLIST_FILE = EggyCar/Info.plist;
				INFOPLIST_KEY_UIApplicationSceneManifest_Generation = YES;
				INFOPLIST_KEY_UIApplicationSupportsIndirectInputEvents = YES;
				INFOPLIST_KEY_UILaunchScreen_Generation = YES;
				INFOPLIST_KEY_UISupportedInterfaceOrientations_iPad = "UIInterfaceOrientationPortrait UIInterfaceOrientationPortraitUpsideDown UIInterfaceOrientationLandscapeLeft UIInterfaceOrientationLandscapeRight";
				INFOPLIST_KEY_UISupportedInterfaceOrientations_iPhone = "UIInterfaceOrientationPortrait UIInterfaceOrientationLandscapeLeft UIInterfaceOrientationLandscapeRight";
				IPHONEOS_DEPLOYMENT_TARGET = 16.0;
				LD_RUNPATH_SEARCH_PATHS = "$(inherited) @executable_path/Frameworks";
				MARKETING_VERSION = 1.0.0;
				PRODUCT_BUNDLE_IDENTIFIER = com.eggy.EggyCar;
				PRODUCT_NAME = "$(TARGET_NAME)";
				SDKROOT = iphoneos;
				SUPPORTED_PLATFORMS = "iphoneos iphonesimulator";
				SWIFT_EMIT_LOC_STRINGS = YES;
				SWIFT_VERSION = 5.0;
				TARGETED_DEVICE_FAMILY = "1,2";
				ENABLE_BITCODE = NO;
			};
			name = Debug;
		};
		5AF8DF8430164473BABDDEC1 /* Release */ = {
			isa = XCBuildConfiguration;
			buildSettings = {
				ASSETCATALOG_COMPILER_APPICON_NAME = AppIcon;
				CODE_SIGN_STYLE = Automatic;
				CURRENT_PROJECT_VERSION = 1;
				GENERATE_INFOPLIST_FILE = NO;
				INFOPLIST_FILE = EggyCar/Info.plist;
				INFOPLIST_KEY_UIApplicationSceneManifest_Generation = YES;
				INFOPLIST_KEY_UIApplicationSupportsIndirectInputEvents = YES;
				INFOPLIST_KEY_UILaunchScreen_Generation = YES;
				INFOPLIST_KEY_UISupportedInterfaceOrientations_iPad = "UIInterfaceOrientationPortrait UIInterfaceOrientationPortraitUpsideDown UIInterfaceOrientationLandscapeLeft UIInterfaceOrientationLandscapeRight";
				INFOPLIST_KEY_UISupportedInterfaceOrientations_iPhone = "UIInterfaceOrientationPortrait UIInterfaceOrientationLandscapeLeft UIInterfaceOrientationLandscapeRight";
				IPHONEOS_DEPLOYMENT_TARGET = 16.0;
				LD_RUNPATH_SEARCH_PATHS = "$(inherited) @executable_path/Frameworks";
				MARKETING_VERSION = 1.0.0;
				PRODUCT_BUNDLE_IDENTIFIER = com.eggy.EggyCar;
				PRODUCT_NAME = "$(TARGET_NAME)";
				SDKROOT = iphoneos;
				SUPPORTED_PLATFORMS = "iphoneos iphonesimulator";
				SWIFT_EMIT_LOC_STRINGS = YES;
				SWIFT_VERSION = 5.0;
				TARGETED_DEVICE_FAMILY = "1,2";
				ENABLE_BITCODE = NO;
			};
			name = Release;
		};
		1632CEBD9F42448C9D05DAA8 /* Debug */ = {
			isa = XCBuildConfiguration;
			buildSettings = {
				ALWAYS_SEARCH_USER_PATHS = NO;
				CLANG_ANALYZER_NONNULL = YES;
				CLANG_CXX_LANGUAGE_STANDARD = "gnu++20";
				CLANG_ENABLE_MODULES = YES;
				CLANG_ENABLE_OBJC_ARC = YES;
				COPY_PHASE_STRIP = NO;
				DEBUG_INFORMATION_FORMAT = dwarf;
				ENABLE_STRICT_OBJC_MSGSEND = YES;
				ENABLE_TESTABILITY = YES;
				GCC_DYNAMIC_NO_PIC = NO;
				GCC_NO_COMMON_BLOCKS = YES;
				GCC_OPTIMIZATION_LEVEL = 0;
				GCC_PREPROCESSOR_DEFINITIONS = "DEBUG=1" "$(inherited)";
				GCC_WARN_ABOUT_RETURN_TYPE = YES_ERROR;
				GCC_WARN_UNINITIALIZED_AUTOS = YES_AGGRESSIVE;
				MTL_ENABLE_DEBUG_INFO = INCLUDE_SOURCE;
				ONLY_ACTIVE_ARCH = YES;
				SWIFT_ACTIVE_COMPILATION_CONDITIONS = "DEBUG";
				SWIFT_OPTIMIZATION_LEVEL = "-Onone";
			};
			name = Debug;
		};
		3CD27044409F4A97B96218B7 /* Release */ = {
			isa = XCBuildConfiguration;
			buildSettings = {
				ALWAYS_SEARCH_USER_PATHS = NO;
				CLANG_ANALYZER_NONNULL = YES;
				CLANG_CXX_LANGUAGE_STANDARD = "gnu++20";
				CLANG_ENABLE_MODULES = YES;
				CLANG_ENABLE_OBJC_ARC = YES;
				COPY_PHASE_STRIP = NO;
				DEBUG_INFORMATION_FORMAT = "dwarf-with-dsym";
				ENABLE_NS_ASSERTIONS = NO;
				ENABLE_STRICT_OBJC_MSGSEND = YES;
				GCC_NO_COMMON_BLOCKS = YES;
				GCC_WARN_ABOUT_RETURN_TYPE = YES_ERROR;
				GCC_WARN_UNINITIALIZED_AUTOS = YES_AGGRESSIVE;
				MTL_ENABLE_DEBUG_INFO = NO;
				SWIFT_COMPILATION_MODE = wholemodule;
				SWIFT_OPTIMIZATION_LEVEL = "-O";
			};
			name = Release;
		};
/* End XCBuildConfiguration section */

/* Begin XCConfigurationList section */
		131A59B1594A46E681DDE69E /* Build configuration list for PBXNativeTarget */ = {
			isa = XCConfigurationList;
			buildConfigurations = (
				3E25B106D822488FBA115C2A,
				5AF8DF8430164473BABDDEC1,
			);
			defaultConfigurationIsVisible = 0;
			defaultConfigurationName = Release;
		};
		246123392AF642E9A0F69421 /* Build configuration list for PBXProject */ = {
			isa = XCConfigurationList;
			buildConfigurations = (
				1632CEBD9F42448C9D05DAA8,
				3CD27044409F4A97B96218B7,
			);
			defaultConfigurationIsVisible = 0;
			defaultConfigurationName = Release;
		};
/* End XCConfigurationList section */
	};
	rootObject = 7FBB03E205DA456181D1F58C;
}
