// !$*UTF8*$!
{
	archiveVersion = 1;
	classes = {
	};
	objectVersion = 56;
	objects = {

/* Begin PBXBuildFile section */
		AFC41AC6033D41CA8630E1C3 /* EggyCarApp.swift in Sources */ = {isa = PBXBuildFile; fileRef = F6F6C83C132B479EAAD46FA8 /* EggyCarApp.swift */; };
		E48F1F36906F49CCBAAAE60A /* AppState.swift in Sources */ = {isa = PBXBuildFile; fileRef = 2BF4EE40B1D64B13A5AF51B9 /* AppState.swift */; };
		3022DBE1F3E94B979B14E649 /* Models.swift in Sources */ = {isa = PBXBuildFile; fileRef = F25C69D8503A4ECA87DB445F /* Models.swift */; };
		7D64E2F14AA2481D8360FAB1 /* ROSBridgeProtocol.swift in Sources */ = {isa = PBXBuildFile; fileRef = ADA21BE4665E462AA19BFFAD /* ROSBridgeProtocol.swift */; };
		2943C8D3550B4CFE885001E2 /* ROSBridgeClient.swift in Sources */ = {isa = PBXBuildFile; fileRef = 9EDE315AB652455789CBB5FC /* ROSBridgeClient.swift */; };
		065B77610C094959873AACC0 /* TopicManager.swift in Sources */ = {isa = PBXBuildFile; fileRef = 60BD413BA1544D31A31127CE /* TopicManager.swift */; };
		576B60772C194C04B352A7F8 /* MainTabView.swift in Sources */ = {isa = PBXBuildFile; fileRef = 7281FC7C0A814ABA80A34BB3 /* MainTabView.swift */; };
		0581A2D615D545AE8DB33C6A /* MapView.swift in Sources */ = {isa = PBXBuildFile; fileRef = 23E466D7C9BD4407B0E44E95 /* MapView.swift */; };
		58255BEF56A142879988A205 /* MapCanvasView.swift in Sources */ = {isa = PBXBuildFile; fileRef = 3B47D3E399CE46D6A890ED04 /* MapCanvasView.swift */; };
		0119C9DF205448D7BDC046F7 /* ControlView.swift in Sources */ = {isa = PBXBuildFile; fileRef = 12F8CA2240004FFDA6E1A228 /* ControlView.swift */; };
		5EFE064BAC894B6C9D137059 /* JoystickView.swift in Sources */ = {isa = PBXBuildFile; fileRef = 4BED1275C45F4669AE0CC537 /* JoystickView.swift */; };
		3E4723DDB9F54484849CE153 /* MonitorView.swift in Sources */ = {isa = PBXBuildFile; fileRef = 83CF4FF960CB4BA28DD28C40 /* MonitorView.swift */; };
		AE720D8101004946B38E29FC /* StatusBarView.swift in Sources */ = {isa = PBXBuildFile; fileRef = 31AA4C8FB38B460B823AAD25 /* StatusBarView.swift */; };
		EF100C01F24F4C7CBC644B2C /* SettingsView.swift in Sources */ = {isa = PBXBuildFile; fileRef = 5D30A66557FD46ECA06ADAD1 /* SettingsView.swift */; };
		E48E07E72F0B4900B420E3C3 /* ConnectionSheet.swift in Sources */ = {isa = PBXBuildFile; fileRef = 9C0DF28C4929404FAC535DA9 /* ConnectionSheet.swift */; };
		97E1CE364EBF45FB8678CA5F /* Assets.xcassets in Resources */ = {isa = PBXBuildFile; fileRef = 6D8174CB8D684A3BB96BBD6E /* Assets.xcassets */; };
/* End PBXBuildFile section */

/* Begin PBXFileReference section */
		F6F6C83C132B479EAAD46FA8 /* EggyCarApp.swift */ = {isa = PBXFileReference; lastKnownFileType = sourcecode.swift; path = EggyCarApp.swift; sourceTree = "<group>"; };
		2BF4EE40B1D64B13A5AF51B9 /* AppState.swift */ = {isa = PBXFileReference; lastKnownFileType = sourcecode.swift; path = AppState.swift; sourceTree = "<group>"; };
		F25C69D8503A4ECA87DB445F /* Models.swift */ = {isa = PBXFileReference; lastKnownFileType = sourcecode.swift; path = Models.swift; sourceTree = "<group>"; };
		ADA21BE4665E462AA19BFFAD /* ROSBridgeProtocol.swift */ = {isa = PBXFileReference; lastKnownFileType = sourcecode.swift; path = ROSBridgeProtocol.swift; sourceTree = "<group>"; };
		9EDE315AB652455789CBB5FC /* ROSBridgeClient.swift */ = {isa = PBXFileReference; lastKnownFileType = sourcecode.swift; path = ROSBridgeClient.swift; sourceTree = "<group>"; };
		60BD413BA1544D31A31127CE /* TopicManager.swift */ = {isa = PBXFileReference; lastKnownFileType = sourcecode.swift; path = TopicManager.swift; sourceTree = "<group>"; };
		7281FC7C0A814ABA80A34BB3 /* MainTabView.swift */ = {isa = PBXFileReference; lastKnownFileType = sourcecode.swift; path = MainTabView.swift; sourceTree = "<group>"; };
		23E466D7C9BD4407B0E44E95 /* MapView.swift */ = {isa = PBXFileReference; lastKnownFileType = sourcecode.swift; path = MapView.swift; sourceTree = "<group>"; };
		3B47D3E399CE46D6A890ED04 /* MapCanvasView.swift */ = {isa = PBXFileReference; lastKnownFileType = sourcecode.swift; path = MapCanvasView.swift; sourceTree = "<group>"; };
		12F8CA2240004FFDA6E1A228 /* ControlView.swift */ = {isa = PBXFileReference; lastKnownFileType = sourcecode.swift; path = ControlView.swift; sourceTree = "<group>"; };
		4BED1275C45F4669AE0CC537 /* JoystickView.swift */ = {isa = PBXFileReference; lastKnownFileType = sourcecode.swift; path = JoystickView.swift; sourceTree = "<group>"; };
		83CF4FF960CB4BA28DD28C40 /* MonitorView.swift */ = {isa = PBXFileReference; lastKnownFileType = sourcecode.swift; path = MonitorView.swift; sourceTree = "<group>"; };
		31AA4C8FB38B460B823AAD25 /* StatusBarView.swift */ = {isa = PBXFileReference; lastKnownFileType = sourcecode.swift; path = StatusBarView.swift; sourceTree = "<group>"; };
		5D30A66557FD46ECA06ADAD1 /* SettingsView.swift */ = {isa = PBXFileReference; lastKnownFileType = sourcecode.swift; path = SettingsView.swift; sourceTree = "<group>"; };
		9C0DF28C4929404FAC535DA9 /* ConnectionSheet.swift */ = {isa = PBXFileReference; lastKnownFileType = sourcecode.swift; path = ConnectionSheet.swift; sourceTree = "<group>"; };
		6D8174CB8D684A3BB96BBD6E /* Assets.xcassets */ = {isa = PBXFileReference; lastKnownFileType = folder.assetcatalog; path = Assets.xcassets; sourceTree = "<group>"; };
		8002FD4246924E268D385605 /* Info.plist */ = {isa = PBXFileReference; lastKnownFileType = text.plist.xml; path = Info.plist; sourceTree = "<group>"; };
		B29255DF56A94662B32DB712 /* EggyCar.app */ = {isa = PBXFileReference; explicitFileType = wrapper.application; includeInIndex = 0; path = EggyCar.app; sourceTree = BUILT_PRODUCTS_DIR; };
/* End PBXFileReference section */

/* Begin PBXGroup section */
		449E4C3DF487497A85CC0384 = {
			isa = PBXGroup;
			children = (
				F111856E41DA452EA92BDB17 /* EggyCar */,
				B29255DF56A94662B32DB712 /* EggyCar.app */,
			);
			sourceTree = "<group>";
		};
		F111856E41DA452EA92BDB17 /* EggyCar */ = {
			isa = PBXGroup;
			children = (
				F6F6C83C132B479EAAD46FA8 /* EggyCarApp.swift */,
				2BF4EE40B1D64B13A5AF51B9 /* AppState.swift */,
				F25C69D8503A4ECA87DB445F /* Models.swift */,
				ADA21BE4665E462AA19BFFAD /* ROSBridgeProtocol.swift */,
				9EDE315AB652455789CBB5FC /* ROSBridgeClient.swift */,
				60BD413BA1544D31A31127CE /* TopicManager.swift */,
				7281FC7C0A814ABA80A34BB3 /* MainTabView.swift */,
				23E466D7C9BD4407B0E44E95 /* MapView.swift */,
				3B47D3E399CE46D6A890ED04 /* MapCanvasView.swift */,
				12F8CA2240004FFDA6E1A228 /* ControlView.swift */,
				4BED1275C45F4669AE0CC537 /* JoystickView.swift */,
				83CF4FF960CB4BA28DD28C40 /* MonitorView.swift */,
				31AA4C8FB38B460B823AAD25 /* StatusBarView.swift */,
				5D30A66557FD46ECA06ADAD1 /* SettingsView.swift */,
				9C0DF28C4929404FAC535DA9 /* ConnectionSheet.swift */,
				6D8174CB8D684A3BB96BBD6E /* Assets.xcassets */,
				8002FD4246924E268D385605 /* Info.plist */,
			);
			path = EggyCar;
			sourceTree = "<group>";
		};
/* End PBXGroup section */

/* Begin PBXNativeTarget section */
		0489253D2258479391B312BF /* EggyCar */ = {
			isa = PBXNativeTarget;
			buildConfigurationList = DB44780937B2435090F06B6F;
			buildPhases = (
				2FC995208717433182AF968A /* Sources */,
				EE8C4AA9B1034411AA175EE1 /* Frameworks */,
				0C083A6A585E4537B30120A4 /* Resources */,
			);
			buildRules = (
			);
			dependencies = (
			);
			name = EggyCar;
			productName = EggyCar;
			productReference = B29255DF56A94662B32DB712;
			productType = "com.apple.product-type.application";
		};
/* End PBXNativeTarget section */

/* Begin PBXProject section */
		9828861DA1E84B1090989AEB /* Project object */ = {
			isa = PBXProject;
			attributes = {
				BuildIndependentTargetsInParallel = 1;
			};
			buildConfigurationList = 55FE0E8AE99C450FB73C3AEE;
			compatibilityVersion = "Xcode 14.0";
			developmentRegion = en;
			hasScannedForEncodings = 0;
			knownRegions = (
				en,
				Base,
			);
			mainGroup = 449E4C3DF487497A85CC0384;
			productRefGroup = F111856E41DA452EA92BDB17;
			projectDirPath = "";
			projectRoot = "";
			targets = (
				0489253D2258479391B312BF,
			);
		};
/* End PBXProject section */

/* Begin PBXSourcesBuildPhase section */
		2FC995208717433182AF968A /* Sources */ = {
			isa = PBXSourcesBuildPhase;
			buildActionMask = 2147483647;
			files = (
				AFC41AC6033D41CA8630E1C3 /* EggyCarApp.swift in Sources */,
				E48F1F36906F49CCBAAAE60A /* AppState.swift in Sources */,
				3022DBE1F3E94B979B14E649 /* Models.swift in Sources */,
				7D64E2F14AA2481D8360FAB1 /* ROSBridgeProtocol.swift in Sources */,
				2943C8D3550B4CFE885001E2 /* ROSBridgeClient.swift in Sources */,
				065B77610C094959873AACC0 /* TopicManager.swift in Sources */,
				576B60772C194C04B352A7F8 /* MainTabView.swift in Sources */,
				0581A2D615D545AE8DB33C6A /* MapView.swift in Sources */,
				58255BEF56A142879988A205 /* MapCanvasView.swift in Sources */,
				0119C9DF205448D7BDC046F7 /* ControlView.swift in Sources */,
				5EFE064BAC894B6C9D137059 /* JoystickView.swift in Sources */,
				3E4723DDB9F54484849CE153 /* MonitorView.swift in Sources */,
				AE720D8101004946B38E29FC /* StatusBarView.swift in Sources */,
				EF100C01F24F4C7CBC644B2C /* SettingsView.swift in Sources */,
				E48E07E72F0B4900B420E3C3 /* ConnectionSheet.swift in Sources */,
			);
			runOnlyForDeploymentPostprocessing = 0;
		};
/* End PBXSourcesBuildPhase section */

/* Begin PBXFrameworksBuildPhase section */
		EE8C4AA9B1034411AA175EE1 /* Frameworks */ = {
			isa = PBXFrameworksBuildPhase;
			buildActionMask = 2147483647;
			files = (
			);
			runOnlyForDeploymentPostprocessing = 0;
		};
/* End PBXFrameworksBuildPhase section */

/* Begin PBXResourcesBuildPhase section */
		0C083A6A585E4537B30120A4 /* Resources */ = {
			isa = PBXResourcesBuildPhase;
			buildActionMask = 2147483647;
			files = (
				97E1CE364EBF45FB8678CA5F /* Assets.xcassets in Resources */,
			);
			runOnlyForDeploymentPostprocessing = 0;
		};
/* End PBXResourcesBuildPhase section */

/* Begin XCBuildConfiguration section */
		6B04FC8E525B473F93AECB15 /* Debug */ = {
			isa = XCBuildConfiguration;
			buildSettings = {
				ASSETCATALOG_COMPILER_APPICON_NAME = AppIcon;
				CODE_SIGN_STYLE = Automatic;
				CURRENT_PROJECT_VERSION = 1;
				GENERATE_INFOPLIST_FILE = NO;
				INFOPLIST_FILE = EggyCar/Info.plist;
				IPHONEOS_DEPLOYMENT_TARGET = 16.0;
				LD_RUNPATH_SEARCH_PATHS = "$(inherited) @executable_path/Frameworks";
				MARKETING_VERSION = 1.0.0;
				PRODUCT_BUNDLE_IDENTIFIER = com.eggy.EggyCar;
				PRODUCT_NAME = "$(TARGET_NAME)";
				SDKROOT = iphoneos;
				SWIFT_EMIT_LOC_STRINGS = YES;
				SWIFT_VERSION = 5.0;
				TARGETED_DEVICE_FAMILY = "1,2";
			};
			name = Debug;
		};
		C0EF62279FC543C9B9AD0621 /* Release */ = {
			isa = XCBuildConfiguration;
			buildSettings = {
				ASSETCATALOG_COMPILER_APPICON_NAME = AppIcon;
				CODE_SIGN_STYLE = Automatic;
				CURRENT_PROJECT_VERSION = 1;
				GENERATE_INFOPLIST_FILE = NO;
				INFOPLIST_FILE = EggyCar/Info.plist;
				IPHONEOS_DEPLOYMENT_TARGET = 16.0;
				LD_RUNPATH_SEARCH_PATHS = "$(inherited) @executable_path/Frameworks";
				MARKETING_VERSION = 1.0.0;
				PRODUCT_BUNDLE_IDENTIFIER = com.eggy.EggyCar;
				PRODUCT_NAME = "$(TARGET_NAME)";
				SDKROOT = iphoneos;
				SWIFT_EMIT_LOC_STRINGS = YES;
				SWIFT_VERSION = 5.0;
				TARGETED_DEVICE_FAMILY = "1,2";
			};
			name = Release;
		};
		F24FC4FF48BE4A078E60A0F1 /* Debug */ = {
			isa = XCBuildConfiguration;
			buildSettings = {
				ALWAYS_SEARCH_USER_PATHS = NO;
				CLANG_ENABLE_MODULES = YES;
				CLANG_ENABLE_OBJC_ARC = YES;
				COPY_PHASE_STRIP = NO;
				DEBUG_INFORMATION_FORMAT = dwarf;
				ENABLE_STRICT_OBJC_MSGSEND = YES;
				ENABLE_TESTABILITY = YES;
				GCC_DYNAMIC_NO_PIC = NO;
				GCC_NO_COMMON_BLOCKS = YES;
				GCC_OPTIMIZATION_LEVEL = 0;
				GCC_PREPROCESSOR_DEFINITIONS = "DEBUG=1" "$(inherited)";
				GCC_WARN_ABOUT_RETURN_TYPE = YES_ERROR;
				GCC_WARN_UNINITIALIZED_AUTOS = YES_AGGRESSIVE;
				MTL_ENABLE_DEBUG_INFO = INCLUDE_SOURCE;
				ONLY_ACTIVE_ARCH = YES;
				SWIFT_ACTIVE_COMPILATION_CONDITIONS = DEBUG;
				SWIFT_OPTIMIZATION_LEVEL = "-Onone";
			};
			name = Debug;
		};
		A6C9A0C4C4874431ABFC9E4E /* Release */ = {
			isa = XCBuildConfiguration;
			buildSettings = {
				ALWAYS_SEARCH_USER_PATHS = NO;
				CLANG_ENABLE_MODULES = YES;
				CLANG_ENABLE_OBJC_ARC = YES;
				COPY_PHASE_STRIP = NO;
				DEBUG_INFORMATION_FORMAT = "dwarf-with-dsym";
				ENABLE_NS_ASSERTIONS = NO;
				ENABLE_STRICT_OBJC_MSGSEND = YES;
				GCC_NO_COMMON_BLOCKS = YES;
				GCC_WARN_ABOUT_RETURN_TYPE = YES_ERROR;
				GCC_WARN_UNINITIALIZED_AUTOS = YES_AGGRESSIVE;
				MTL_ENABLE_DEBUG_INFO = NO;
				SWIFT_COMPILATION_MODE = wholemodule;
				SWIFT_OPTIMIZATION_LEVEL = "-O";
			};
			name = Release;
		};
/* End XCBuildConfiguration section */

/* Begin XCConfigurationList section */
		DB44780937B2435090F06B6F /* Build configuration list for PBXNativeTarget "EggyCar" */ = {
			isa = XCConfigurationList;
			buildConfigurations = (
				6B04FC8E525B473F93AECB15 /* Debug */,
				C0EF62279FC543C9B9AD0621 /* Release */,
			);
			defaultConfigurationIsVisible = 0;
			defaultConfigurationName = Release;
		};
		55FE0E8AE99C450FB73C3AEE /* Build configuration list for PBXProject "EggyCar" */ = {
			isa = XCConfigurationList;
			buildConfigurations = (
				F24FC4FF48BE4A078E60A0F1 /* Debug */,
				A6C9A0C4C4874431ABFC9E4E /* Release */,
			);
			defaultConfigurationIsVisible = 0;
			defaultConfigurationName = Release;
		};
/* End XCConfigurationList section */
	};
	rootObject = 9828861DA1E84B1090989AEB;
}
